
Microsoft Visual Studio Solution File, Format Version 12.00
# Visual Studio 14
VisualStudioVersion = 14.0.25420.1
MinimumVisualStudioVersion = 10.0.40219.1
Project("{FAE04EC0-301F-11D3-BF4B-00C04F79EFBC}") = "CursoCSharp", "CursoCSharp\CursoCSharp.csproj", "{F26E0488-581F-46C0-803B-E1E8212ED634}"
EndProject
Project("{2150E333-8FDC-42A3-9474-1A3956D46DE8}") = "Web", "Web", "{98096975-E0AB-4934-BFFE-3EB711D492BB}"
EndProject
Project("{2150E333-8FDC-42A3-9474-1A3956D46DE8}") = "Application", "Application", "{16EF62F7-A634-4203-8D5C-D5FFC8C81B69}"
EndProject
Project("{2150E333-8FDC-42A3-9474-1A3956D46DE8}") = "Api", "Api", "{09A0C746-9993-424E-9DB7-7D75D6915442}"
EndProject
Project("{2150E333-8FDC-42A3-9474-1A3956D46DE8}") = "Domain", "Domain", "{FBCD98CE-DBE4-49C3-BAEC-65EDF9E4CB54}"
EndProject
Project("{2150E333-8FDC-42A3-9474-1A3956D46DE8}") = "Infra", "Infra", "{92B3B15C-8BEE-4E52-8D7E-44924160ED3F}"
EndProject
Project("{FAE04EC0-301F-11D3-BF4B-00C04F79EFBC}") = "CursoCSharp.Api", "CursoCSharp.Api\CursoCSharp.Api.csproj", "{6074558C-AD00-41A2-B37C-295B33340581}"
EndProject
Project("{FAE04EC0-301F-11D3-BF4B-00C04F79EFBC}") = "CursoCSharp.Repository", "CursoCSharp.Repository\CursoCSharp.Repository.csproj", "{4497E5E3-BD10-4D94-8E1F-484A5C2767E8}"
EndProject
Project("{FAE04EC0-301F-11D3-BF4B-00C04F79EFBC}") = "CursoCSharp.Domain", "CursoCSharp.Domain\CursoCSharp.Domain.csproj", "{BCBB13B9-69A0-4E88-BACE-5BEC0B3AB421}"
EndProject
Global
	GlobalSection(SolutionConfigurationPlatforms) = preSolution
		Debug|Any CPU = Debug|Any CPU
		Release|Any CPU = Release|Any CPU
	EndGlobalSection
	GlobalSection(ProjectConfigurationPlatforms) = postSolution
		{F26E0488-581F-46C0-803B-E1E8212ED634}.Debug|Any CPU.ActiveCfg = Debug|Any CPU
		{F26E0488-581F-46C0-803B-E1E8212ED634}.Debug|Any CPU.Build.0 = Debug|Any CPU
		{F26E0488-581F-46C0-803B-E1E8212ED634}.Release|Any CPU.ActiveCfg = Release|Any CPU
		{F26E0488-581F-46C0-803B-E1E8212ED634}.Release|Any CPU.Build.0 = Release|Any CPU
		{6074558C-AD00-41A2-B37C-295B33340581}.Debug|Any CPU.ActiveCfg = Debug|Any CPU
		{6074558C-AD00-41A2-B37C-295B33340581}.Debug|Any CPU.Build.0 = Debug|Any CPU
		{6074558C-AD00-41A2-B37C-295B33340581}.Release|Any CPU.ActiveCfg = Release|Any CPU
		{6074558C-AD00-41A2-B37C-295B33340581}.Release|Any CPU.Build.0 = Release|Any CPU
		{4497E5E3-BD10-4D94-8E1F-484A5C2767E8}.Debug|Any CPU.ActiveCfg = Debug|Any CPU
		{4497E5E3-BD10-4D94-8E1F-484A5C2767E8}.Debug|Any CPU.Build.0 = Debug|Any CPU
		{4497E5E3-BD10-4D94-8E1F-484A5C2767E8}.Release|Any CPU.ActiveCfg = Release|Any CPU
		{4497E5E3-BD10-4D94-8E1F-484A5C2767E8}.Release|Any CPU.Build.0 = Release|Any CPU
		{BCBB13B9-69A0-4E88-BACE-5BEC0B3AB421}.Debug|Any CPU.ActiveCfg = Debug|Any CPU
		{BCBB13B9-69A0-4E88-BACE-5BEC0B3AB421}.Debug|Any CPU.Build.0 = Debug|Any CPU
		{BCBB13B9-69A0-4E88-BACE-5BEC0B3AB421}.Release|Any CPU.ActiveCfg = Release|Any CPU
		{BCBB13B9-69A0-4E88-BACE-5BEC0B3AB421}.Release|Any CPU.Build.0 = Release|Any CPU
	EndGlobalSection
	GlobalSection(SolutionProperties) = preSolution
		HideSolutionNode = FALSE
	EndGlobalSection
	GlobalSection(NestedProjects) = preSolution
		{F26E0488-581F-46C0-803B-E1E8212ED634} = {98096975-E0AB-4934-BFFE-3EB711D492BB}
		{6074558C-AD00-41A2-B37C-295B33340581} = {09A0C746-9993-424E-9DB7-7D75D6915442}
		{4497E5E3-BD10-4D94-8E1F-484A5C2767E8} = {92B3B15C-8BEE-4E52-8D7E-44924160ED3F}
		{BCBB13B9-69A0-4E88-BACE-5BEC0B3AB421} = {FBCD98CE-DBE4-49C3-BAEC-65EDF9E4CB54}
	EndGlobalSection
EndGlobal
